{
  "name": "dgcnaivebayes",
  "version": "1.0.0",
  "lockfileVersion": 1,
  "requires": true,
  "dependencies": {
    "bayes": {
      "version": "0.0.7",
      "resolved": "https://registry.npmjs.org/bayes/-/bayes-0.0.7.tgz",
      "integrity": "sha1-NXv3SqiH55beS/XpIsVjEJCvigA="
    },
    "ent": {
      "version": "2.2.0",
      "resolved": "https://registry.npmjs.org/ent/-/ent-2.2.0.tgz",
      "integrity": "sha1-6WQhkyWiHQX0RGai9obtbOX13R0="
    },
    "fs": {
      "version": "0.0.1-security",
      "resolved": "https://registry.npmjs.org/fs/-/fs-0.0.1-security.tgz",
      "integrity": "sha1-invTcYa23d84E/I4WLV+yq9eQdQ="
    },
    "is-natural-number": {
      "version": "4.0.1",
      "resolved": "https://registry.npmjs.org/is-natural-number/-/is-natural-number-4.0.1.tgz",
      "integrity": "sha1-q5124dtM7VHjXeDHLr7PCfc0zeg="
    },
    "is-natural-number-string": {
      "version": "1.0.1",
      "resolved": "https://registry.npmjs.org/is-natural-number-string/-/is-natural-number-string-1.0.1.tgz",
      "integrity": "sha1-0OvxwBH64tOwc02MgBFuJRKkoug="
    },
    "lodash.clonedeep": {
      "version": "4.5.0",
      "resolved": "https://registry.npmjs.org/lodash.clonedeep/-/lodash.clonedeep-4.5.0.tgz",
      "integrity": "sha1-4j8/nE+Pvd6HJSnBBxhXoIblzO8="
    },
    "lodash.isplainobject": {
      "version": "4.0.6",
      "resolved": "https://registry.npmjs.org/lodash.isplainobject/-/lodash.isplainobject-4.0.6.tgz",
      "integrity": "sha1-fFJqUtibRcRcxpC4gWO+BJf1UMs="
    },
    "lodash.trim": {
      "version": "4.5.1",
      "resolved": "https://registry.npmjs.org/lodash.trim/-/lodash.trim-4.5.1.tgz",
      "integrity": "sha1-NkJefukL5KpeJ7zruFt9EepHqlc="
    },
    "lodash.without": {
      "version": "4.4.0",
      "resolved": "https://registry.npmjs.org/lodash.without/-/lodash.without-4.4.0.tgz",
      "integrity": "sha1-PNRXSgC2e643OpS3SHcmQFB7eqw="
    },
    "ranges-apply": {
      "version": "3.0.43",
      "resolved": "https://registry.npmjs.org/ranges-apply/-/ranges-apply-3.0.43.tgz",
      "integrity": "sha512-3k5t7H3+8vNCA5KCn6Dd/kqOSuc6/UcdKNSDtHZi87jCdfSZFm81SSId6lGJz/2wvhLySh6nqkDwU6m7m0ZYaA==",
      "requires": {
        "is-natural-number": "^4.0.1",
        "is-natural-number-string": "^1.0.1",
        "ranges-merge": "^4.2.27"
      }
    },
    "ranges-merge": {
      "version": "4.2.27",
      "resolved": "https://registry.npmjs.org/ranges-merge/-/ranges-merge-4.2.27.tgz",
      "integrity": "sha512-5umFGTui3bs8ZTJ2+Qq7BReALtLrlq8I0Y+nDwMl9HgZiL/0uhP7rV6Oe6wiL82wQY3JNY5E1XpLsyuMKVghZQ==",
      "requires": {
        "lodash.clonedeep": "^4.5.0",
        "lodash.isplainobject": "^4.0.6",
        "ranges-sort": "^3.10.44"
      }
    },
    "ranges-push": {
      "version": "3.6.10",
      "resolved": "https://registry.npmjs.org/ranges-push/-/ranges-push-3.6.10.tgz",
      "integrity": "sha512-poHFiAzXW/Hyzgfht6F59XE+1S2GtCgbS/2FxlJaw7VzJQDbhRI+S0/kH61NZlDX9gcy61ZmvjxjEEcJK9VuyQ==",
      "requires": {
        "is-natural-number": "^4.0.1",
        "is-natural-number-string": "^1.0.1",
        "lodash.clonedeep": "^4.5.0",
        "ranges-merge": "^4.2.27",
        "string-collapse-leading-whitespace": "^2.0.8",
        "string-trim-spaces-only": "^2.8.7"
      }
    },
    "ranges-sort": {
      "version": "3.10.44",
      "resolved": "https://registry.npmjs.org/ranges-sort/-/ranges-sort-3.10.44.tgz",
      "integrity": "sha512-GwXYV2ssix5zIZJv0f6CuCBiOnjRb5RNCpKtCfiGzd0JQCFsNVQYcBtDedfDppZNi54tmCsr+6A9+SmkkLrk4Q==",
      "requires": {
        "is-natural-number": "^4.0.1"
      }
    },
    "string-collapse-leading-whitespace": {
      "version": "2.0.8",
      "resolved": "https://registry.npmjs.org/string-collapse-leading-whitespace/-/string-collapse-leading-whitespace-2.0.8.tgz",
      "integrity": "sha512-yfwd3FKcLtJS16VrBtfVv21sxyZpscUFpWQ748so5Rla5sV2BZbCPgb+QASQvh3gevs2FY1exG6kEkEiduR5AA=="
    },
    "string-left-right": {
      "version": "2.3.10",
      "resolved": "https://registry.npmjs.org/string-left-right/-/string-left-right-2.3.10.tgz",
      "integrity": "sha512-mBqyUV2JVGXVBya84vuMJf/Mg9ePI7qM67Yp8upKudpWbeRrJH+QHicIPKay7lj6WyvWffGl5oUBlxY64GAWzQ==",
      "requires": {
        "lodash.clonedeep": "^4.5.0",
        "lodash.isplainobject": "^4.0.6"
      }
    },
    "string-strip-html": {
      "version": "4.3.9",
      "resolved": "https://registry.npmjs.org/string-strip-html/-/string-strip-html-4.3.9.tgz",
      "integrity": "sha512-fQllhx29S9F6ruZyVUi7gPlJpyd7yk5EXREWUui95Y8w1Iw+XQhcpBMuCTowcxON3l8i05e5QvX1liBJhYbWag==",
      "requires": {
        "ent": "^2.2.0",
        "lodash.isplainobject": "^4.0.6",
        "lodash.trim": "^4.5.1",
        "lodash.without": "^4.4.0",
        "ranges-apply": "^3.0.43",
        "ranges-push": "^3.6.10",
        "string-left-right": "^2.3.10"
      }
    },
    "string-trim-spaces-only": {
      "version": "2.8.7",
      "resolved": "https://registry.npmjs.org/string-trim-spaces-only/-/string-trim-spaces-only-2.8.7.tgz",
      "integrity": "sha512-UUBEBxtOHpHI0Is1TWIQB5Z4WI/ELtrYyiS7U95fHuLmEFwjOa95NTe8jcE2D0BLsfTSLNJJw3mCYlSlb4tTzQ=="
    }
  }
}
